
Microsoft Visual Studio Solution File, Format Version 12.00
# Visual Studio Version 17
VisualStudioVersion = 17.0.31919.166
MinimumVisualStudioVersion = 10.0.40219.1
Project("{FAE04EC0-301F-11D3-BF4B-00C04F79EFBC}") = "WindowsFormsProject", "WindowsFormsProject\WindowsFormsProject.csproj", "{C9376277-17BA-4AFD-9A54-24C72A3D09DF}"
EndProject
Global
	GlobalSection(SolutionConfigurationPlatforms) = preSolution
		Debug|Any CPU = Debug|Any CPU
		Release|Any CPU = Release|Any CPU
	EndGlobalSection
	GlobalSection(ProjectConfigurationPlatforms) = postSolution
		{C9376277-17BA-4AFD-9A54-24C72A3D09DF}.Debug|Any CPU.ActiveCfg = Debug|Any CPU
		{C9376277-17BA-4AFD-9A54-24C72A3D09DF}.Debug|Any CPU.Build.0 = Debug|Any CPU
		{C9376277-17BA-4AFD-9A54-24C72A3D09DF}.Release|Any CPU.ActiveCfg = Release|Any CPU
		{C9376277-17BA-4AFD-9A54-24C72A3D09DF}.Release|Any CPU.Build.0 = Release|Any CPU
	EndGlobalSection
	GlobalSection(SolutionProperties) = preSolution
		HideSolutionNode = FALSE
	EndGlobalSection
	GlobalSection(ExtensibilityGlobals) = postSolution
		SolutionGuid = {DD0E681C-47E5-4A9B-A2CE-E5CB13D62EB4}
	EndGlobalSection
EndGlobal
